
Microsoft Visual Studio Solution File, Format Version 12.00
# Visual Studio Version 17
VisualStudioVersion = 17.1.32210.238
MinimumVisualStudioVersion = 10.0.40219.1
Project("{FAE04EC0-301F-11D3-BF4B-00C04F79EFBC}") = "ThresdsApp", "ThresdsApp\ThresdsApp.csproj", "{B5687EC8-807B-4727-9B39-3DB7170E7DA2}"
EndProject
Global
	GlobalSection(SolutionConfigurationPlatforms) = preSolution
		Debug|Any CPU = Debug|Any CPU
		Release|Any CPU = Release|Any CPU
	EndGlobalSection
	GlobalSection(ProjectConfigurationPlatforms) = postSolution
		{B5687EC8-807B-4727-9B39-3DB7170E7DA2}.Debug|Any CPU.ActiveCfg = Debug|Any CPU
		{B5687EC8-807B-4727-9B39-3DB7170E7DA2}.Debug|Any CPU.Build.0 = Debug|Any CPU
		{B5687EC8-807B-4727-9B39-3DB7170E7DA2}.Release|Any CPU.ActiveCfg = Release|Any CPU
		{B5687EC8-807B-4727-9B39-3DB7170E7DA2}.Release|Any CPU.Build.0 = Release|Any CPU
	EndGlobalSection
	GlobalSection(SolutionProperties) = preSolution
		HideSolutionNode = FALSE
	EndGlobalSection
	GlobalSection(ExtensibilityGlobals) = postSolution
		SolutionGuid = {9807A2FE-3F48-4D69-96AD-44144F82E7DF}
	EndGlobalSection
EndGlobal
